
Microsoft Visual Studio Solution File, Format Version 12.00
# Visual Studio 15
VisualStudioVersion = 15.0.28010.2050
MinimumVisualStudioVersion = 10.0.40219.1
Project("{FAE04EC0-301F-11D3-BF4B-00C04F79EFBC}") = "HelloSerilog", "HelloSerilog\HelloSerilog.csproj", "{7C656934-CEC6-4B47-A6F9-FDC7726E90BA}"
EndProject
Global
	GlobalSection(SolutionConfigurationPlatforms) = preSolution
		Debug|Any CPU = Debug|Any CPU
		Release|Any CPU = Release|Any CPU
	EndGlobalSection
	GlobalSection(ProjectConfigurationPlatforms) = postSolution
		{7C656934-CEC6-4B47-A6F9-FDC7726E90BA}.Debug|Any CPU.ActiveCfg = Debug|Any CPU
		{7C656934-CEC6-4B47-A6F9-FDC7726E90BA}.Debug|Any CPU.Build.0 = Debug|Any CPU
		{7C656934-CEC6-4B47-A6F9-FDC7726E90BA}.Release|Any CPU.ActiveCfg = Release|Any CPU
		{7C656934-CEC6-4B47-A6F9-FDC7726E90BA}.Release|Any CPU.Build.0 = Release|Any CPU
	EndGlobalSection
	GlobalSection(SolutionProperties) = preSolution
		HideSolutionNode = FALSE
	EndGlobalSection
	GlobalSection(ExtensibilityGlobals) = postSolution
		SolutionGuid = {4AFD9655-AF3A-4139-A0DB-7ECB26B163C1}
	EndGlobalSection
EndGlobal
